
Microsoft Visual Studio Solution File, Format Version 12.00
# Visual Studio 15
VisualStudioVersion = 15.0.27703.2042
MinimumVisualStudioVersion = 10.0.40219.1
Project("{FAE04EC0-301F-11D3-BF4B-00C04F79EFBC}") = "ShopSearchAsync", "ShopSearchAsync\ShopSearchAsync.csproj", "{88BFE6E3-86B4-4A00-B363-31840D4D2F79}"
EndProject
Global
	GlobalSection(SolutionConfigurationPlatforms) = preSolution
		Debug|Any CPU = Debug|Any CPU
		Release|Any CPU = Release|Any CPU
	EndGlobalSection
	GlobalSection(ProjectConfigurationPlatforms) = postSolution
		{88BFE6E3-86B4-4A00-B363-31840D4D2F79}.Debug|Any CPU.ActiveCfg = Debug|Any CPU
		{88BFE6E3-86B4-4A00-B363-31840D4D2F79}.Debug|Any CPU.Build.0 = Debug|Any CPU
		{88BFE6E3-86B4-4A00-B363-31840D4D2F79}.Release|Any CPU.ActiveCfg = Release|Any CPU
		{88BFE6E3-86B4-4A00-B363-31840D4D2F79}.Release|Any CPU.Build.0 = Release|Any CPU
	EndGlobalSection
	GlobalSection(SolutionProperties) = preSolution
		HideSolutionNode = FALSE
	EndGlobalSection
	GlobalSection(ExtensibilityGlobals) = postSolution
		SolutionGuid = {7B291400-D7B1-4A7D-80B8-E7D2D59D0CA8}
	EndGlobalSection
EndGlobal
